// !$*UTF8*$!
{
	archiveVersion = 1;
	classes = {
	};
	objectVersion = 56;
	objects = {

/* Begin PBXBuildFile section */
		522A0A992B8CCE330041B256 /* ResultViewController.swift in Sources */ = {isa = PBXBuildFile; fileRef = 522A0A982B8CCE330041B256 /* ResultViewController.swift */; };
		522A0A9B2B8CCE640041B256 /* ResultPresenter.swift in Sources */ = {isa = PBXBuildFile; fileRef = 522A0A9A2B8CCE640041B256 /* ResultPresenter.swift */; };
		522A0A9D2B8CCEAC0041B256 /* ResultRouter.swift in Sources */ = {isa = PBXBuildFile; fileRef = 522A0A9C2B8CCEAC0041B256 /* ResultRouter.swift */; };
		522A0A9F2B8CCF0C0041B256 /* ResultBuilder.swift in Sources */ = {isa = PBXBuildFile; fileRef = 522A0A9E2B8CCF0C0041B256 /* ResultBuilder.swift */; };
		522A0AA22B8CD5630041B256 /* Roboto-Medium.ttf in Resources */ = {isa = PBXBuildFile; fileRef = 522A0AA12B8CD5630041B256 /* Roboto-Medium.ttf */; };
		522A0AA42B8CD6070041B256 /* Syne-Regular.ttf in Resources */ = {isa = PBXBuildFile; fileRef = 522A0AA32B8CD6070041B256 /* Syne-Regular.ttf */; };
		522A0AA82B8D40C10041B256 /* Roboto-Black.ttf in Resources */ = {isa = PBXBuildFile; fileRef = 522A0AA72B8D40C10041B256 /* Roboto-Black.ttf */; };
		522A0AAA2B8D40C90041B256 /* Roboto-Bold.ttf in Resources */ = {isa = PBXBuildFile; fileRef = 522A0AA92B8D40C90041B256 /* Roboto-Bold.ttf */; };
		522A0AAC2B8D40D20041B256 /* Roboto-Regular.ttf in Resources */ = {isa = PBXBuildFile; fileRef = 522A0AAB2B8D40D20041B256 /* Roboto-Regular.ttf */; };
		860603422B8DD0F100EB8A36 /* GameViewController.swift in Sources */ = {isa = PBXBuildFile; fileRef = 860603412B8DD0F100EB8A36 /* GameViewController.swift */; };
		860603442B8DD15F00EB8A36 /* GameRouter.swift in Sources */ = {isa = PBXBuildFile; fileRef = 860603432B8DD15F00EB8A36 /* GameRouter.swift */; };
		860603462B8DD2EC00EB8A36 /* GamePresenter.swift in Sources */ = {isa = PBXBuildFile; fileRef = 860603452B8DD2EC00EB8A36 /* GamePresenter.swift */; };
		860603482B8DD3CF00EB8A36 /* GameBuilder.swift in Sources */ = {isa = PBXBuildFile; fileRef = 860603472B8DD3CF00EB8A36 /* GameBuilder.swift */; };
		8606034A2B8DE39000EB8A36 /* CustomAnswerButton.swift in Sources */ = {isa = PBXBuildFile; fileRef = 860603492B8DE39000EB8A36 /* CustomAnswerButton.swift */; };
		8606034C2B8DF62F00EB8A36 /* CustomHelpButton.swift in Sources */ = {isa = PBXBuildFile; fileRef = 8606034B2B8DF62F00EB8A36 /* CustomHelpButton.swift */; };
		866AAB072B8E7FD600628519 /* NetworkErrors.swift in Sources */ = {isa = PBXBuildFile; fileRef = 866AAB032B8E7FD600628519 /* NetworkErrors.swift */; };
		866AAB082B8E7FD600628519 /* NetworkManager.swift in Sources */ = {isa = PBXBuildFile; fileRef = 866AAB042B8E7FD600628519 /* NetworkManager.swift */; };
		866AAB092B8E7FD600628519 /* QuestionRequest.swift in Sources */ = {isa = PBXBuildFile; fileRef = 866AAB052B8E7FD600628519 /* QuestionRequest.swift */; };
		866AAB0A2B8E7FD600628519 /* QuestionsModel.swift in Sources */ = {isa = PBXBuildFile; fileRef = 866AAB062B8E7FD600628519 /* QuestionsModel.swift */; };
		866AAB0C2B8E7FE600628519 /* Extension + String.swift in Sources */ = {isa = PBXBuildFile; fileRef = 866AAB0B2B8E7FE600628519 /* Extension + String.swift */; };
		E16A44C02B8BA32900A9C234 /* bolee-kachestvennyiy-zvuk.mp3 in Resources */ = {isa = PBXBuildFile; fileRef = E16A44BB2B8BA32800A9C234 /* bolee-kachestvennyiy-zvuk.mp3 */; };
		E16A44C12B8BA32900A9C234 /* otvet-vernyiy.mp3 in Resources */ = {isa = PBXBuildFile; fileRef = E16A44BC2B8BA32800A9C234 /* otvet-vernyiy.mp3 */; };
		E16A44C22B8BA32900A9C234 /* zvuk-nepravilnogo-otveta.mp3 in Resources */ = {isa = PBXBuildFile; fileRef = E16A44BD2B8BA32800A9C234 /* zvuk-nepravilnogo-otveta.mp3 */; };
		E16A44C32B8BA32900A9C234 /* otvet-prinyat.mp3 in Resources */ = {isa = PBXBuildFile; fileRef = E16A44BE2B8BA32900A9C234 /* otvet-prinyat.mp3 */; };
		E16A44C42B8BA32900A9C234 /* zvuk-chasov-vo-vremya-igryi.mp3 in Resources */ = {isa = PBXBuildFile; fileRef = E16A44BF2B8BA32900A9C234 /* zvuk-chasov-vo-vremya-igryi.mp3 */; };
		E16A44CB2B8BCB6E00A9C234 /* HomeRouter.swift in Sources */ = {isa = PBXBuildFile; fileRef = E16A44CA2B8BCB6E00A9C234 /* HomeRouter.swift */; };
		E16A44CD2B8BCB7F00A9C234 /* HomePresenter.swift in Sources */ = {isa = PBXBuildFile; fileRef = E16A44CC2B8BCB7F00A9C234 /* HomePresenter.swift */; };
		E16A44CF2B8BCBA000A9C234 /* HomeBuilder.swift in Sources */ = {isa = PBXBuildFile; fileRef = E16A44CE2B8BCBA000A9C234 /* HomeBuilder.swift */; };
		E1BE9A222B8B7B000006CB8B /* AppDelegate.swift in Sources */ = {isa = PBXBuildFile; fileRef = E1BE9A212B8B7B000006CB8B /* AppDelegate.swift */; };
		E1BE9A242B8B7B000006CB8B /* SceneDelegate.swift in Sources */ = {isa = PBXBuildFile; fileRef = E1BE9A232B8B7B000006CB8B /* SceneDelegate.swift */; };
		E1BE9A262B8B7B000006CB8B /* HomeViewController.swift in Sources */ = {isa = PBXBuildFile; fileRef = E1BE9A252B8B7B000006CB8B /* HomeViewController.swift */; };
		E1BE9A2B2B8B7B010006CB8B /* Assets.xcassets in Resources */ = {isa = PBXBuildFile; fileRef = E1BE9A2A2B8B7B010006CB8B /* Assets.xcassets */; };
		E1BE9A2E2B8B7B010006CB8B /* LaunchScreen.storyboard in Resources */ = {isa = PBXBuildFile; fileRef = E1BE9A2C2B8B7B010006CB8B /* LaunchScreen.storyboard */; };
		E1BE9A3A2B8B7EE30006CB8B /* GameManager.swift in Sources */ = {isa = PBXBuildFile; fileRef = E1BE9A392B8B7EE30006CB8B /* GameManager.swift */; };
		E1BE9A3D2B8B7F930006CB8B /* Extension + UIFont.swift in Sources */ = {isa = PBXBuildFile; fileRef = E1BE9A3C2B8B7F930006CB8B /* Extension + UIFont.swift */; };
/* End PBXBuildFile section */

/* Begin PBXFileReference section */
		522A0A982B8CCE330041B256 /* ResultViewController.swift */ = {isa = PBXFileReference; lastKnownFileType = sourcecode.swift; path = ResultViewController.swift; sourceTree = "<group>"; };
		522A0A9A2B8CCE640041B256 /* ResultPresenter.swift */ = {isa = PBXFileReference; lastKnownFileType = sourcecode.swift; path = ResultPresenter.swift; sourceTree = "<group>"; };
		522A0A9C2B8CCEAC0041B256 /* ResultRouter.swift */ = {isa = PBXFileReference; lastKnownFileType = sourcecode.swift; path = ResultRouter.swift; sourceTree = "<group>"; };
		522A0A9E2B8CCF0C0041B256 /* ResultBuilder.swift */ = {isa = PBXFileReference; lastKnownFileType = sourcecode.swift; path = ResultBuilder.swift; sourceTree = "<group>"; };
		522A0AA12B8CD5630041B256 /* Roboto-Medium.ttf */ = {isa = PBXFileReference; lastKnownFileType = file; path = "Roboto-Medium.ttf"; sourceTree = "<group>"; };
		522A0AA32B8CD6070041B256 /* Syne-Regular.ttf */ = {isa = PBXFileReference; lastKnownFileType = file; path = "Syne-Regular.ttf"; sourceTree = "<group>"; };
		522A0AA72B8D40C10041B256 /* Roboto-Black.ttf */ = {isa = PBXFileReference; lastKnownFileType = file; path = "Roboto-Black.ttf"; sourceTree = "<group>"; };
		522A0AA92B8D40C90041B256 /* Roboto-Bold.ttf */ = {isa = PBXFileReference; lastKnownFileType = file; path = "Roboto-Bold.ttf"; sourceTree = "<group>"; };
		522A0AAB2B8D40D20041B256 /* Roboto-Regular.ttf */ = {isa = PBXFileReference; lastKnownFileType = file; path = "Roboto-Regular.ttf"; sourceTree = "<group>"; };
		860603412B8DD0F100EB8A36 /* GameViewController.swift */ = {isa = PBXFileReference; lastKnownFileType = sourcecode.swift; path = GameViewController.swift; sourceTree = "<group>"; };
		860603432B8DD15F00EB8A36 /* GameRouter.swift */ = {isa = PBXFileReference; lastKnownFileType = sourcecode.swift; path = GameRouter.swift; sourceTree = "<group>"; };
		860603452B8DD2EC00EB8A36 /* GamePresenter.swift */ = {isa = PBXFileReference; lastKnownFileType = sourcecode.swift; path = GamePresenter.swift; sourceTree = "<group>"; };
		860603472B8DD3CF00EB8A36 /* GameBuilder.swift */ = {isa = PBXFileReference; lastKnownFileType = sourcecode.swift; path = GameBuilder.swift; sourceTree = "<group>"; };
		860603492B8DE39000EB8A36 /* CustomAnswerButton.swift */ = {isa = PBXFileReference; lastKnownFileType = sourcecode.swift; path = CustomAnswerButton.swift; sourceTree = "<group>"; };
		8606034B2B8DF62F00EB8A36 /* CustomHelpButton.swift */ = {isa = PBXFileReference; lastKnownFileType = sourcecode.swift; path = CustomHelpButton.swift; sourceTree = "<group>"; };
		866AAB032B8E7FD600628519 /* NetworkErrors.swift */ = {isa = PBXFileReference; fileEncoding = 4; lastKnownFileType = sourcecode.swift; path = NetworkErrors.swift; sourceTree = "<group>"; };
		866AAB042B8E7FD600628519 /* NetworkManager.swift */ = {isa = PBXFileReference; fileEncoding = 4; lastKnownFileType = sourcecode.swift; path = NetworkManager.swift; sourceTree = "<group>"; };
		866AAB052B8E7FD600628519 /* QuestionRequest.swift */ = {isa = PBXFileReference; fileEncoding = 4; lastKnownFileType = sourcecode.swift; path = QuestionRequest.swift; sourceTree = "<group>"; };
		866AAB062B8E7FD600628519 /* QuestionsModel.swift */ = {isa = PBXFileReference; fileEncoding = 4; lastKnownFileType = sourcecode.swift; path = QuestionsModel.swift; sourceTree = "<group>"; };
		866AAB0B2B8E7FE600628519 /* Extension + String.swift */ = {isa = PBXFileReference; fileEncoding = 4; lastKnownFileType = sourcecode.swift; path = "Extension + String.swift"; sourceTree = "<group>"; };
		E16A44BB2B8BA32800A9C234 /* bolee-kachestvennyiy-zvuk.mp3 */ = {isa = PBXFileReference; lastKnownFileType = audio.mp3; path = "bolee-kachestvennyiy-zvuk.mp3"; sourceTree = "<group>"; };
		E16A44BC2B8BA32800A9C234 /* otvet-vernyiy.mp3 */ = {isa = PBXFileReference; lastKnownFileType = audio.mp3; path = "otvet-vernyiy.mp3"; sourceTree = "<group>"; };
		E16A44BD2B8BA32800A9C234 /* zvuk-nepravilnogo-otveta.mp3 */ = {isa = PBXFileReference; lastKnownFileType = audio.mp3; path = "zvuk-nepravilnogo-otveta.mp3"; sourceTree = "<group>"; };
		E16A44BE2B8BA32900A9C234 /* otvet-prinyat.mp3 */ = {isa = PBXFileReference; lastKnownFileType = audio.mp3; path = "otvet-prinyat.mp3"; sourceTree = "<group>"; };
		E16A44BF2B8BA32900A9C234 /* zvuk-chasov-vo-vremya-igryi.mp3 */ = {isa = PBXFileReference; lastKnownFileType = audio.mp3; path = "zvuk-chasov-vo-vremya-igryi.mp3"; sourceTree = "<group>"; };
		E16A44CA2B8BCB6E00A9C234 /* HomeRouter.swift */ = {isa = PBXFileReference; lastKnownFileType = sourcecode.swift; path = HomeRouter.swift; sourceTree = "<group>"; };
		E16A44CC2B8BCB7F00A9C234 /* HomePresenter.swift */ = {isa = PBXFileReference; lastKnownFileType = sourcecode.swift; path = HomePresenter.swift; sourceTree = "<group>"; };
		E16A44CE2B8BCBA000A9C234 /* HomeBuilder.swift */ = {isa = PBXFileReference; lastKnownFileType = sourcecode.swift; path = HomeBuilder.swift; sourceTree = "<group>"; };
		E1BE9A1E2B8B7B000006CB8B /* MillionaireGame.app */ = {isa = PBXFileReference; explicitFileType = wrapper.application; includeInIndex = 0; path = MillionaireGame.app; sourceTree = BUILT_PRODUCTS_DIR; };
		E1BE9A212B8B7B000006CB8B /* AppDelegate.swift */ = {isa = PBXFileReference; lastKnownFileType = sourcecode.swift; path = AppDelegate.swift; sourceTree = "<group>"; };
		E1BE9A232B8B7B000006CB8B /* SceneDelegate.swift */ = {isa = PBXFileReference; lastKnownFileType = sourcecode.swift; path = SceneDelegate.swift; sourceTree = "<group>"; };
		E1BE9A252B8B7B000006CB8B /* HomeViewController.swift */ = {isa = PBXFileReference; lastKnownFileType = sourcecode.swift; path = HomeViewController.swift; sourceTree = "<group>"; };
		E1BE9A2A2B8B7B010006CB8B /* Assets.xcassets */ = {isa = PBXFileReference; lastKnownFileType = folder.assetcatalog; path = Assets.xcassets; sourceTree = "<group>"; };
		E1BE9A2D2B8B7B010006CB8B /* Base */ = {isa = PBXFileReference; lastKnownFileType = file.storyboard; name = Base; path = Base.lproj/LaunchScreen.storyboard; sourceTree = "<group>"; };
		E1BE9A2F2B8B7B010006CB8B /* Info.plist */ = {isa = PBXFileReference; lastKnownFileType = text.plist.xml; path = Info.plist; sourceTree = "<group>"; };
		E1BE9A392B8B7EE30006CB8B /* GameManager.swift */ = {isa = PBXFileReference; lastKnownFileType = sourcecode.swift; path = GameManager.swift; sourceTree = "<group>"; };
		E1BE9A3C2B8B7F930006CB8B /* Extension + UIFont.swift */ = {isa = PBXFileReference; lastKnownFileType = sourcecode.swift; path = "Extension + UIFont.swift"; sourceTree = "<group>"; };
/* End PBXFileReference section */

/* Begin PBXFrameworksBuildPhase section */
		E1BE9A1B2B8B7B000006CB8B /* Frameworks */ = {
			isa = PBXFrameworksBuildPhase;
			buildActionMask = 2147483647;
			files = (
			);
			runOnlyForDeploymentPostprocessing = 0;
		};
/* End PBXFrameworksBuildPhase section */

/* Begin PBXGroup section */
		522A0A932B8CCDD70041B256 /* Results */ = {
			isa = PBXGroup;
			children = (
				522A0A942B8CCDFE0041B256 /* Builder */,
				522A0A952B8CCE010041B256 /* View */,
				522A0A972B8CCE060041B256 /* Presenter */,
				522A0A962B8CCE040041B256 /* Router */,
			);
			path = Results;
			sourceTree = "<group>";
		};
		522A0A942B8CCDFE0041B256 /* Builder */ = {
			isa = PBXGroup;
			children = (
				522A0A9E2B8CCF0C0041B256 /* ResultBuilder.swift */,
			);
			path = Builder;
			sourceTree = "<group>";
		};
		522A0A952B8CCE010041B256 /* View */ = {
			isa = PBXGroup;
			children = (
				522A0A982B8CCE330041B256 /* ResultViewController.swift */,
			);
			path = View;
			sourceTree = "<group>";
		};
		522A0A962B8CCE040041B256 /* Router */ = {
			isa = PBXGroup;
			children = (
				522A0A9C2B8CCEAC0041B256 /* ResultRouter.swift */,
			);
			path = Router;
			sourceTree = "<group>";
		};
		522A0A972B8CCE060041B256 /* Presenter */ = {
			isa = PBXGroup;
			children = (
				522A0A9A2B8CCE640041B256 /* ResultPresenter.swift */,
			);
			path = Presenter;
			sourceTree = "<group>";
		};
		522A0AA02B8CD5560041B256 /* Fonts */ = {
			isa = PBXGroup;
			children = (
				522A0AA32B8CD6070041B256 /* Syne-Regular.ttf */,
				522A0AAB2B8D40D20041B256 /* Roboto-Regular.ttf */,
				522A0AA12B8CD5630041B256 /* Roboto-Medium.ttf */,
				522A0AA92B8D40C90041B256 /* Roboto-Bold.ttf */,
				522A0AA72B8D40C10041B256 /* Roboto-Black.ttf */,
			);
			path = Fonts;
			sourceTree = "<group>";
		};
		8606033C2B8DD07F00EB8A36 /* Game */ = {
			isa = PBXGroup;
			children = (
				8606033D2B8DD08F00EB8A36 /* Builder */,
				8606033E2B8DD09500EB8A36 /* View */,
				8606033F2B8DD09C00EB8A36 /* Presenter */,
				860603402B8DD0A100EB8A36 /* Router */,
			);
			path = Game;
			sourceTree = "<group>";
		};
		8606033D2B8DD08F00EB8A36 /* Builder */ = {
			isa = PBXGroup;
			children = (
				860603472B8DD3CF00EB8A36 /* GameBuilder.swift */,
			);
			path = Builder;
			sourceTree = "<group>";
		};
		8606033E2B8DD09500EB8A36 /* View */ = {
			isa = PBXGroup;
			children = (
				860603412B8DD0F100EB8A36 /* GameViewController.swift */,
				860603492B8DE39000EB8A36 /* CustomAnswerButton.swift */,
				8606034B2B8DF62F00EB8A36 /* CustomHelpButton.swift */,
			);
			path = View;
			sourceTree = "<group>";
		};
		8606033F2B8DD09C00EB8A36 /* Presenter */ = {
			isa = PBXGroup;
			children = (
				860603452B8DD2EC00EB8A36 /* GamePresenter.swift */,
			);
			path = Presenter;
			sourceTree = "<group>";
		};
		860603402B8DD0A100EB8A36 /* Router */ = {
			isa = PBXGroup;
			children = (
				860603432B8DD15F00EB8A36 /* GameRouter.swift */,
			);
			path = Router;
			sourceTree = "<group>";
		};
		866AAB022B8E7FD600628519 /* NetworkLayer */ = {
			isa = PBXGroup;
			children = (
				866AAB032B8E7FD600628519 /* NetworkErrors.swift */,
				866AAB042B8E7FD600628519 /* NetworkManager.swift */,
				866AAB052B8E7FD600628519 /* QuestionRequest.swift */,
				866AAB062B8E7FD600628519 /* QuestionsModel.swift */,
			);
			path = NetworkLayer;
			sourceTree = "<group>";
		};
		E16A44C52B8BCB0300A9C234 /* Home */ = {
			isa = PBXGroup;
			children = (
				E16A44C62B8BCB1B00A9C234 /* Builder */,
				E16A44C72B8BCB2800A9C234 /* View */,
				E16A44C82B8BCB3800A9C234 /* Presenter */,
				E16A44C92B8BCB4C00A9C234 /* Router */,
			);
			path = Home;
			sourceTree = "<group>";
		};
		E16A44C62B8BCB1B00A9C234 /* Builder */ = {
			isa = PBXGroup;
			children = (
				E16A44CE2B8BCBA000A9C234 /* HomeBuilder.swift */,
			);
			path = Builder;
			sourceTree = "<group>";
		};
		E16A44C72B8BCB2800A9C234 /* View */ = {
			isa = PBXGroup;
			children = (
				E1BE9A252B8B7B000006CB8B /* HomeViewController.swift */,
			);
			path = View;
			sourceTree = "<group>";
		};
		E16A44C82B8BCB3800A9C234 /* Presenter */ = {
			isa = PBXGroup;
			children = (
				E16A44CC2B8BCB7F00A9C234 /* HomePresenter.swift */,
			);
			path = Presenter;
			sourceTree = "<group>";
		};
		E16A44C92B8BCB4C00A9C234 /* Router */ = {
			isa = PBXGroup;
			children = (
				E16A44CA2B8BCB6E00A9C234 /* HomeRouter.swift */,
			);
			path = Router;
			sourceTree = "<group>";
		};
		E1BE9A152B8B7B000006CB8B = {
			isa = PBXGroup;
			children = (
				E1BE9A202B8B7B000006CB8B /* MillionaireGame */,
				E1BE9A1F2B8B7B000006CB8B /* Products */,
			);
			sourceTree = "<group>";
		};
		E1BE9A1F2B8B7B000006CB8B /* Products */ = {
			isa = PBXGroup;
			children = (
				E1BE9A1E2B8B7B000006CB8B /* MillionaireGame.app */,
			);
			name = Products;
			sourceTree = "<group>";
		};
		E1BE9A202B8B7B000006CB8B /* MillionaireGame */ = {
			isa = PBXGroup;
			children = (
				E1BE9A362B8B7B100006CB8B /* Modules */,
				E1BE9A382B8B7EC80006CB8B /* Services */,
				E1BE9A3B2B8B7F390006CB8B /* Extensions */,
				E1BE9A372B8B7E6B0006CB8B /* Resources */,
				E1BE9A352B8B7B090006CB8B /* App */,
			);
			path = MillionaireGame;
			sourceTree = "<group>";
		};
		E1BE9A352B8B7B090006CB8B /* App */ = {
			isa = PBXGroup;
			children = (
				E1BE9A212B8B7B000006CB8B /* AppDelegate.swift */,
				E1BE9A232B8B7B000006CB8B /* SceneDelegate.swift */,
			);
			path = App;
			sourceTree = "<group>";
		};
		E1BE9A362B8B7B100006CB8B /* Modules */ = {
			isa = PBXGroup;
			children = (
				8606033C2B8DD07F00EB8A36 /* Game */,
				E16A44C52B8BCB0300A9C234 /* Home */,
				522A0A932B8CCDD70041B256 /* Results */,
			);
			path = Modules;
			sourceTree = "<group>";
		};
		E1BE9A372B8B7E6B0006CB8B /* Resources */ = {
			isa = PBXGroup;
			children = (
				522A0AA02B8CD5560041B256 /* Fonts */,
				E1BE9A3E2B8B873F0006CB8B /* Musics */,
				E1BE9A2A2B8B7B010006CB8B /* Assets.xcassets */,
				E1BE9A2C2B8B7B010006CB8B /* LaunchScreen.storyboard */,
				E1BE9A2F2B8B7B010006CB8B /* Info.plist */,
			);
			path = Resources;
			sourceTree = "<group>";
		};
		E1BE9A382B8B7EC80006CB8B /* Services */ = {
			isa = PBXGroup;
			children = (
				866AAB022B8E7FD600628519 /* NetworkLayer */,
				E1BE9A392B8B7EE30006CB8B /* GameManager.swift */,
			);
			path = Services;
			sourceTree = "<group>";
		};
		E1BE9A3B2B8B7F390006CB8B /* Extensions */ = {
			isa = PBXGroup;
			children = (
				866AAB0B2B8E7FE600628519 /* Extension + String.swift */,
				E1BE9A3C2B8B7F930006CB8B /* Extension + UIFont.swift */,
			);
			path = Extensions;
			sourceTree = "<group>";
		};
		E1BE9A3E2B8B873F0006CB8B /* Musics */ = {
			isa = PBXGroup;
			children = (
				E16A44BB2B8BA32800A9C234 /* bolee-kachestvennyiy-zvuk.mp3 */,
				E16A44BE2B8BA32900A9C234 /* otvet-prinyat.mp3 */,
				E16A44BC2B8BA32800A9C234 /* otvet-vernyiy.mp3 */,
				E16A44BF2B8BA32900A9C234 /* zvuk-chasov-vo-vremya-igryi.mp3 */,
				E16A44BD2B8BA32800A9C234 /* zvuk-nepravilnogo-otveta.mp3 */,
			);
			path = Musics;
			sourceTree = "<group>";
		};
/* End PBXGroup section */

/* Begin PBXNativeTarget section */
		E1BE9A1D2B8B7B000006CB8B /* MillionaireGame */ = {
			isa = PBXNativeTarget;
			buildConfigurationList = E1BE9A322B8B7B010006CB8B /* Build configuration list for PBXNativeTarget "MillionaireGame" */;
			buildPhases = (
				E1BE9A1A2B8B7B000006CB8B /* Sources */,
				E1BE9A1B2B8B7B000006CB8B /* Frameworks */,
				E1BE9A1C2B8B7B000006CB8B /* Resources */,
			);
			buildRules = (
			);
			dependencies = (
			);
			name = MillionaireGame;
			productName = MillionaireGame;
			productReference = E1BE9A1E2B8B7B000006CB8B /* MillionaireGame.app */;
			productType = "com.apple.product-type.application";
		};
/* End PBXNativeTarget section */

/* Begin PBXProject section */
		E1BE9A162B8B7B000006CB8B /* Project object */ = {
			isa = PBXProject;
			attributes = {
				BuildIndependentTargetsInParallel = 1;
				LastSwiftUpdateCheck = 1520;
				LastUpgradeCheck = 1520;
				TargetAttributes = {
					E1BE9A1D2B8B7B000006CB8B = {
						CreatedOnToolsVersion = 15.2;
					};
				};
			};
			buildConfigurationList = E1BE9A192B8B7B000006CB8B /* Build configuration list for PBXProject "MillionaireGame" */;
			compatibilityVersion = "Xcode 14.0";
			developmentRegion = en;
			hasScannedForEncodings = 0;
			knownRegions = (
				en,
				Base,
			);
			mainGroup = E1BE9A152B8B7B000006CB8B;
			productRefGroup = E1BE9A1F2B8B7B000006CB8B /* Products */;
			projectDirPath = "";
			projectRoot = "";
			targets = (
				E1BE9A1D2B8B7B000006CB8B /* MillionaireGame */,
			);
		};
/* End PBXProject section */

/* Begin PBXResourcesBuildPhase section */
		E1BE9A1C2B8B7B000006CB8B /* Resources */ = {
			isa = PBXResourcesBuildPhase;
			buildActionMask = 2147483647;
			files = (
				522A0AA22B8CD5630041B256 /* Roboto-Medium.ttf in Resources */,
				E16A44C12B8BA32900A9C234 /* otvet-vernyiy.mp3 in Resources */,
				E16A44C22B8BA32900A9C234 /* zvuk-nepravilnogo-otveta.mp3 in Resources */,
				E1BE9A2E2B8B7B010006CB8B /* LaunchScreen.storyboard in Resources */,
				522A0AAA2B8D40C90041B256 /* Roboto-Bold.ttf in Resources */,
				E16A44C02B8BA32900A9C234 /* bolee-kachestvennyiy-zvuk.mp3 in Resources */,
				522A0AAC2B8D40D20041B256 /* Roboto-Regular.ttf in Resources */,
				E1BE9A2B2B8B7B010006CB8B /* Assets.xcassets in Resources */,
				E16A44C42B8BA32900A9C234 /* zvuk-chasov-vo-vremya-igryi.mp3 in Resources */,
				522A0AA82B8D40C10041B256 /* Roboto-Black.ttf in Resources */,
				522A0AA42B8CD6070041B256 /* Syne-Regular.ttf in Resources */,
				E16A44C32B8BA32900A9C234 /* otvet-prinyat.mp3 in Resources */,
			);
			runOnlyForDeploymentPostprocessing = 0;
		};
/* End PBXResourcesBuildPhase section */

/* Begin PBXSourcesBuildPhase section */
		E1BE9A1A2B8B7B000006CB8B /* Sources */ = {
			isa = PBXSourcesBuildPhase;
			buildActionMask = 2147483647;
			files = (
				860603442B8DD15F00EB8A36 /* GameRouter.swift in Sources */,
				E16A44CD2B8BCB7F00A9C234 /* HomePresenter.swift in Sources */,
				522A0A9B2B8CCE640041B256 /* ResultPresenter.swift in Sources */,
				E1BE9A262B8B7B000006CB8B /* HomeViewController.swift in Sources */,
				E16A44CB2B8BCB6E00A9C234 /* HomeRouter.swift in Sources */,
				860603422B8DD0F100EB8A36 /* GameViewController.swift in Sources */,
				522A0A9F2B8CCF0C0041B256 /* ResultBuilder.swift in Sources */,
				866AAB0A2B8E7FD600628519 /* QuestionsModel.swift in Sources */,
				E1BE9A3A2B8B7EE30006CB8B /* GameManager.swift in Sources */,
				860603462B8DD2EC00EB8A36 /* GamePresenter.swift in Sources */,
				E16A44CF2B8BCBA000A9C234 /* HomeBuilder.swift in Sources */,
				522A0A992B8CCE330041B256 /* ResultViewController.swift in Sources */,
				866AAB0C2B8E7FE600628519 /* Extension + String.swift in Sources */,
				866AAB072B8E7FD600628519 /* NetworkErrors.swift in Sources */,
				866AAB082B8E7FD600628519 /* NetworkManager.swift in Sources */,
				522A0A9D2B8CCEAC0041B256 /* ResultRouter.swift in Sources */,
				E1BE9A222B8B7B000006CB8B /* AppDelegate.swift in Sources */,
				8606034C2B8DF62F00EB8A36 /* CustomHelpButton.swift in Sources */,
				8606034A2B8DE39000EB8A36 /* CustomAnswerButton.swift in Sources */,
				860603482B8DD3CF00EB8A36 /* GameBuilder.swift in Sources */,
				866AAB092B8E7FD600628519 /* QuestionRequest.swift in Sources */,
				E1BE9A3D2B8B7F930006CB8B /* Extension + UIFont.swift in Sources */,
				E1BE9A242B8B7B000006CB8B /* SceneDelegate.swift in Sources */,
			);
			runOnlyForDeploymentPostprocessing = 0;
		};
/* End PBXSourcesBuildPhase section */

/* Begin PBXVariantGroup section */
		E1BE9A2C2B8B7B010006CB8B /* LaunchScreen.storyboard */ = {
			isa = PBXVariantGroup;
			children = (
				E1BE9A2D2B8B7B010006CB8B /* Base */,
			);
			name = LaunchScreen.storyboard;
			sourceTree = "<group>";
		};
/* End PBXVariantGroup section */

/* Begin XCBuildConfiguration section */
		E1BE9A302B8B7B010006CB8B /* Debug */ = {
			isa = XCBuildConfiguration;
			buildSettings = {
				ALWAYS_SEARCH_USER_PATHS = NO;
				ASSETCATALOG_COMPILER_GENERATE_SWIFT_ASSET_SYMBOL_EXTENSIONS = YES;
				CLANG_ANALYZER_NONNULL = YES;
				CLANG_ANALYZER_NUMBER_OBJECT_CONVERSION = YES_AGGRESSIVE;
				CLANG_CXX_LANGUAGE_STANDARD = "gnu++20";
				CLANG_ENABLE_MODULES = YES;
				CLANG_ENABLE_OBJC_ARC = YES;
				CLANG_ENABLE_OBJC_WEAK = YES;
				CLANG_WARN_BLOCK_CAPTURE_AUTORELEASING = YES;
				CLANG_WARN_BOOL_CONVERSION = YES;
				CLANG_WARN_COMMA = YES;
				CLANG_WARN_CONSTANT_CONVERSION = YES;
				CLANG_WARN_DEPRECATED_OBJC_IMPLEMENTATIONS = YES;
				CLANG_WARN_DIRECT_OBJC_ISA_USAGE = YES_ERROR;
				CLANG_WARN_DOCUMENTATION_COMMENTS = YES;
				CLANG_WARN_EMPTY_BODY = YES;
				CLANG_WARN_ENUM_CONVERSION = YES;
				CLANG_WARN_INFINITE_RECURSION = YES;
				CLANG_WARN_INT_CONVERSION = YES;
				CLANG_WARN_NON_LITERAL_NULL_CONVERSION = YES;
				CLANG_WARN_OBJC_IMPLICIT_RETAIN_SELF = YES;
				CLANG_WARN_OBJC_LITERAL_CONVERSION = YES;
				CLANG_WARN_OBJC_ROOT_CLASS = YES_ERROR;
				CLANG_WARN_QUOTED_INCLUDE_IN_FRAMEWORK_HEADER = YES;
				CLANG_WARN_RANGE_LOOP_ANALYSIS = YES;
				CLANG_WARN_STRICT_PROTOTYPES = YES;
				CLANG_WARN_SUSPICIOUS_MOVE = YES;
				CLANG_WARN_UNGUARDED_AVAILABILITY = YES_AGGRESSIVE;
				CLANG_WARN_UNREACHABLE_CODE = YES;
				CLANG_WARN__DUPLICATE_METHOD_MATCH = YES;
				COPY_PHASE_STRIP = NO;
				DEBUG_INFORMATION_FORMAT = dwarf;
				ENABLE_STRICT_OBJC_MSGSEND = YES;
				ENABLE_TESTABILITY = YES;
				ENABLE_USER_SCRIPT_SANDBOXING = YES;
				GCC_C_LANGUAGE_STANDARD = gnu17;
				GCC_DYNAMIC_NO_PIC = NO;
				GCC_NO_COMMON_BLOCKS = YES;
				GCC_OPTIMIZATION_LEVEL = 0;
				GCC_PREPROCESSOR_DEFINITIONS = (
					"DEBUG=1",
					"$(inherited)",
				);
				GCC_WARN_64_TO_32_BIT_CONVERSION = YES;
				GCC_WARN_ABOUT_RETURN_TYPE = YES_ERROR;
				GCC_WARN_UNDECLARED_SELECTOR = YES;
				GCC_WARN_UNINITIALIZED_AUTOS = YES_AGGRESSIVE;
				GCC_WARN_UNUSED_FUNCTION = YES;
				GCC_WARN_UNUSED_VARIABLE = YES;
				IPHONEOS_DEPLOYMENT_TARGET = 15.0;
				LOCALIZATION_PREFERS_STRING_CATALOGS = YES;
				MTL_ENABLE_DEBUG_INFO = INCLUDE_SOURCE;
				MTL_FAST_MATH = YES;
				ONLY_ACTIVE_ARCH = YES;
				SDKROOT = iphoneos;
				SWIFT_ACTIVE_COMPILATION_CONDITIONS = "DEBUG $(inherited)";
				SWIFT_OPTIMIZATION_LEVEL = "-Onone";
			};
			name = Debug;
		};
		E1BE9A312B8B7B010006CB8B /* Release */ = {
			isa = XCBuildConfiguration;
			buildSettings = {
				ALWAYS_SEARCH_USER_PATHS = NO;
				ASSETCATALOG_COMPILER_GENERATE_SWIFT_ASSET_SYMBOL_EXTENSIONS = YES;
				CLANG_ANALYZER_NONNULL = YES;
				CLANG_ANALYZER_NUMBER_OBJECT_CONVERSION = YES_AGGRESSIVE;
				CLANG_CXX_LANGUAGE_STANDARD = "gnu++20";
				CLANG_ENABLE_MODULES = YES;
				CLANG_ENABLE_OBJC_ARC = YES;
				CLANG_ENABLE_OBJC_WEAK = YES;
				CLANG_WARN_BLOCK_CAPTURE_AUTORELEASING = YES;
				CLANG_WARN_BOOL_CONVERSION = YES;
				CLANG_WARN_COMMA = YES;
				CLANG_WARN_CONSTANT_CONVERSION = YES;
				CLANG_WARN_DEPRECATED_OBJC_IMPLEMENTATIONS = YES;
				CLANG_WARN_DIRECT_OBJC_ISA_USAGE = YES_ERROR;
				CLANG_WARN_DOCUMENTATION_COMMENTS = YES;
				CLANG_WARN_EMPTY_BODY = YES;
				CLANG_WARN_ENUM_CONVERSION = YES;
				CLANG_WARN_INFINITE_RECURSION = YES;
				CLANG_WARN_INT_CONVERSION = YES;
				CLANG_WARN_NON_LITERAL_NULL_CONVERSION = YES;
				CLANG_WARN_OBJC_IMPLICIT_RETAIN_SELF = YES;
				CLANG_WARN_OBJC_LITERAL_CONVERSION = YES;
				CLANG_WARN_OBJC_ROOT_CLASS = YES_ERROR;
				CLANG_WARN_QUOTED_INCLUDE_IN_FRAMEWORK_HEADER = YES;
				CLANG_WARN_RANGE_LOOP_ANALYSIS = YES;
				CLANG_WARN_STRICT_PROTOTYPES = YES;
				CLANG_WARN_SUSPICIOUS_MOVE = YES;
				CLANG_WARN_UNGUARDED_AVAILABILITY = YES_AGGRESSIVE;
				CLANG_WARN_UNREACHABLE_CODE = YES;
				CLANG_WARN__DUPLICATE_METHOD_MATCH = YES;
				COPY_PHASE_STRIP = NO;
				DEBUG_INFORMATION_FORMAT = "dwarf-with-dsym";
				ENABLE_NS_ASSERTIONS = NO;
				ENABLE_STRICT_OBJC_MSGSEND = YES;
				ENABLE_USER_SCRIPT_SANDBOXING = YES;
				GCC_C_LANGUAGE_STANDARD = gnu17;
				GCC_NO_COMMON_BLOCKS = YES;
				GCC_WARN_64_TO_32_BIT_CONVERSION = YES;
				GCC_WARN_ABOUT_RETURN_TYPE = YES_ERROR;
				GCC_WARN_UNDECLARED_SELECTOR = YES;
				GCC_WARN_UNINITIALIZED_AUTOS = YES_AGGRESSIVE;
				GCC_WARN_UNUSED_FUNCTION = YES;
				GCC_WARN_UNUSED_VARIABLE = YES;
				IPHONEOS_DEPLOYMENT_TARGET = 15.0;
				LOCALIZATION_PREFERS_STRING_CATALOGS = YES;
				MTL_ENABLE_DEBUG_INFO = NO;
				MTL_FAST_MATH = YES;
				SDKROOT = iphoneos;
				SWIFT_COMPILATION_MODE = wholemodule;
				VALIDATE_PRODUCT = YES;
			};
			name = Release;
		};
		E1BE9A332B8B7B010006CB8B /* Debug */ = {
			isa = XCBuildConfiguration;
			buildSettings = {
				ASSETCATALOG_COMPILER_APPICON_NAME = AppIcon;
				ASSETCATALOG_COMPILER_GLOBAL_ACCENT_COLOR_NAME = AccentColor;
				CODE_SIGN_STYLE = Automatic;
				CURRENT_PROJECT_VERSION = 1;
				DEVELOPMENT_TEAM = KYB528F2CP;
				GENERATE_INFOPLIST_FILE = YES;
				INFOPLIST_FILE = MillionaireGame/Resources/Info.plist;
				INFOPLIST_KEY_UIApplicationSupportsIndirectInputEvents = YES;
				INFOPLIST_KEY_UILaunchStoryboardName = LaunchScreen;
				INFOPLIST_KEY_UISupportedInterfaceOrientations = UIInterfaceOrientationPortrait;
				INFOPLIST_KEY_UISupportedInterfaceOrientations_iPad = "UIInterfaceOrientationLandscapeLeft UIInterfaceOrientationLandscapeRight UIInterfaceOrientationPortrait UIInterfaceOrientationPortraitUpsideDown";
				IPHONEOS_DEPLOYMENT_TARGET = 15.0;
				LD_RUNPATH_SEARCH_PATHS = (
					"$(inherited)",
					"@executable_path/Frameworks",
				);
				MARKETING_VERSION = 1.0;
				PRODUCT_BUNDLE_IDENTIFIER = keller.MillionaireGame;
				PRODUCT_NAME = "$(TARGET_NAME)";
				SUPPORTED_PLATFORMS = "iphoneos iphonesimulator";
				SUPPORTS_MACCATALYST = NO;
				SUPPORTS_MAC_DESIGNED_FOR_IPHONE_IPAD = NO;
				SUPPORTS_XR_DESIGNED_FOR_IPHONE_IPAD = NO;
				SWIFT_EMIT_LOC_STRINGS = YES;
				SWIFT_VERSION = 5.0;
				TARGETED_DEVICE_FAMILY = 1;
			};
			name = Debug;
		};
		E1BE9A342B8B7B010006CB8B /* Release */ = {
			isa = XCBuildConfiguration;
			buildSettings = {
				ASSETCATALOG_COMPILER_APPICON_NAME = AppIcon;
				ASSETCATALOG_COMPILER_GLOBAL_ACCENT_COLOR_NAME = AccentColor;
				CODE_SIGN_STYLE = Automatic;
				CURRENT_PROJECT_VERSION = 1;
				DEVELOPMENT_TEAM = KYB528F2CP;
				GENERATE_INFOPLIST_FILE = YES;
				INFOPLIST_FILE = MillionaireGame/Resources/Info.plist;
				INFOPLIST_KEY_UIApplicationSupportsIndirectInputEvents = YES;
				INFOPLIST_KEY_UILaunchStoryboardName = LaunchScreen;
				INFOPLIST_KEY_UISupportedInterfaceOrientations = UIInterfaceOrientationPortrait;
				INFOPLIST_KEY_UISupportedInterfaceOrientations_iPad = "UIInterfaceOrientationLandscapeLeft UIInterfaceOrientationLandscapeRight UIInterfaceOrientationPortrait UIInterfaceOrientationPortraitUpsideDown";
				IPHONEOS_DEPLOYMENT_TARGET = 15.0;
				LD_RUNPATH_SEARCH_PATHS = (
					"$(inherited)",
					"@executable_path/Frameworks",
				);
				MARKETING_VERSION = 1.0;
				PRODUCT_BUNDLE_IDENTIFIER = keller.MillionaireGame;
				PRODUCT_NAME = "$(TARGET_NAME)";
				SUPPORTED_PLATFORMS = "iphoneos iphonesimulator";
				SUPPORTS_MACCATALYST = NO;
				SUPPORTS_MAC_DESIGNED_FOR_IPHONE_IPAD = NO;
				SUPPORTS_XR_DESIGNED_FOR_IPHONE_IPAD = NO;
				SWIFT_EMIT_LOC_STRINGS = YES;
				SWIFT_VERSION = 5.0;
				TARGETED_DEVICE_FAMILY = 1;
			};
			name = Release;
		};
/* End XCBuildConfiguration section */

/* Begin XCConfigurationList section */
		E1BE9A192B8B7B000006CB8B /* Build configuration list for PBXProject "MillionaireGame" */ = {
			isa = XCConfigurationList;
			buildConfigurations = (
				E1BE9A302B8B7B010006CB8B /* Debug */,
				E1BE9A312B8B7B010006CB8B /* Release */,
			);
			defaultConfigurationIsVisible = 0;
			defaultConfigurationName = Release;
		};
		E1BE9A322B8B7B010006CB8B /* Build configuration list for PBXNativeTarget "MillionaireGame" */ = {
			isa = XCConfigurationList;
			buildConfigurations = (
				E1BE9A332B8B7B010006CB8B /* Debug */,
				E1BE9A342B8B7B010006CB8B /* Release */,
			);
			defaultConfigurationIsVisible = 0;
			defaultConfigurationName = Release;
		};
/* End XCConfigurationList section */
	};
	rootObject = E1BE9A162B8B7B000006CB8B /* Project object */;
}
